
Microsoft Visual Studio Solution File, Format Version 12.00
# Visual Studio Version 16
VisualStudioVersion = 16.0.30523.141
MinimumVisualStudioVersion = 10.0.40219.1
Project("{FAE04EC0-301F-11D3-BF4B-00C04F79EFBC}") = "SocialMedia", "SocialMedia\SocialMedia.csproj", "{2CDABBC5-4CEE-4C03-B2F1-71127A87BE3F}"
EndProject
Global
	GlobalSection(SolutionConfigurationPlatforms) = preSolution
		Debug|Any CPU = Debug|Any CPU
		Release|Any CPU = Release|Any CPU
	EndGlobalSection
	GlobalSection(ProjectConfigurationPlatforms) = postSolution
		{2CDABBC5-4CEE-4C03-B2F1-71127A87BE3F}.Debug|Any CPU.ActiveCfg = Debug|Any CPU
		{2CDABBC5-4CEE-4C03-B2F1-71127A87BE3F}.Debug|Any CPU.Build.0 = Debug|Any CPU
		{2CDABBC5-4CEE-4C03-B2F1-71127A87BE3F}.Release|Any CPU.ActiveCfg = Release|Any CPU
		{2CDABBC5-4CEE-4C03-B2F1-71127A87BE3F}.Release|Any CPU.Build.0 = Release|Any CPU
	EndGlobalSection
	GlobalSection(SolutionProperties) = preSolution
		HideSolutionNode = FALSE
	EndGlobalSection
	GlobalSection(ExtensibilityGlobals) = postSolution
		SolutionGuid = {D73C3BEB-AF7C-442C-B10A-3025B87F76AE}
	EndGlobalSection
EndGlobal
